
Microsoft Visual Studio Solution File, Format Version 11.00
# Visual Studio 2010
Project("{8BC9CEB8-8B4A-11D0-8D11-00A0C91BC942}") = "serialist", "serialist\serialist.vcxproj", "{E6B98CBF-195D-403B-8B0A-76892642EA03}"
EndProject
Global
	GlobalSection(SolutionConfigurationPlatforms) = preSolution
		Debug|Win32 = Debug|Win32
		Release|Win32 = Release|Win32
	EndGlobalSection
	GlobalSection(ProjectConfigurationPlatforms) = postSolution
		{E6B98CBF-195D-403B-8B0A-76892642EA03}.Debug|Win32.ActiveCfg = Debug|Win32
		{E6B98CBF-195D-403B-8B0A-76892642EA03}.Debug|Win32.Build.0 = Debug|Win32
		{E6B98CBF-195D-403B-8B0A-76892642EA03}.Release|Win32.ActiveCfg = Release|Win32
		{E6B98CBF-195D-403B-8B0A-76892642EA03}.Release|Win32.Build.0 = Release|Win32
	EndGlobalSection
	GlobalSection(SolutionProperties) = preSolution
		HideSolutionNode = FALSE
	EndGlobalSection
EndGlobal
